
Microsoft Visual Studio Solution File, Format Version 12.00
# Visual Studio Version 17
VisualStudioVersion = 17.7.34221.43
MinimumVisualStudioVersion = 10.0.40219.1
Project("{FAE04EC0-301F-11D3-BF4B-00C04F79EFBC}") = "Dinosaur", "Dinosaur\Dinosaur.csproj", "{5B6EC7D8-6DE1-4E00-94D8-DE0EB1D9E8C8}"
EndProject
Global
	GlobalSection(SolutionConfigurationPlatforms) = preSolution
		Debug|Any CPU = Debug|Any CPU
		Release|Any CPU = Release|Any CPU
	EndGlobalSection
	GlobalSection(ProjectConfigurationPlatforms) = postSolution
		{5B6EC7D8-6DE1-4E00-94D8-DE0EB1D9E8C8}.Debug|Any CPU.ActiveCfg = Debug|Any CPU
		{5B6EC7D8-6DE1-4E00-94D8-DE0EB1D9E8C8}.Debug|Any CPU.Build.0 = Debug|Any CPU
		{5B6EC7D8-6DE1-4E00-94D8-DE0EB1D9E8C8}.Release|Any CPU.ActiveCfg = Release|Any CPU
		{5B6EC7D8-6DE1-4E00-94D8-DE0EB1D9E8C8}.Release|Any CPU.Build.0 = Release|Any CPU
	EndGlobalSection
	GlobalSection(SolutionProperties) = preSolution
		HideSolutionNode = FALSE
	EndGlobalSection
	GlobalSection(ExtensibilityGlobals) = postSolution
		SolutionGuid = {202FD46A-2CF6-471C-AD47-A6DC0AD5D7C4}
	EndGlobalSection
EndGlobal
